<?xml version="1.0" encoding="utf-8"?>
<Project ToolsVersion="4.0" xmlns="http://schemas.microsoft.com/developer/msbuild/2003">
  <ItemGroup>
    <Filter Include="Source Files">
      <UniqueIdentifier>{7680f057-eace-454d-9575-52d211dbb230}</UniqueIdentifier>
      <Extensions>cpp;c;cxx;rc;def;r;odl;idl;hpj;bat</Extensions>
    </Filter>
    <Filter Include="Header Files">
      <UniqueIdentifier>{e3e6b492-3898-45a3-a498-57f0b62b11d8}</UniqueIdentifier>
      <Extensions>h;hpp;hxx;hm;inl</Extensions>
    </Filter>
    <Filter Include="Resource Files">
      <UniqueIdentifier>{a24a1de2-2c3e-43f3-aa61-d0cca63a8101}</UniqueIdentifier>
      <Extensions>ico;cur;bmp;dlg;rc2;rct;bin;rgs;gif;jpg;jpeg;jpe</Extensions>
    </Filter>
  </ItemGroup>
  <ItemGroup>
    <ClCompile Include="buttons.cpp">
      <Filter>Source Files</Filter>
    </ClCompile>
    <ClCompile Include="control.cpp">
      <Filter>Source Files</Filter>
    </ClCompile>
    <ClCompile Include="events.cpp">
      <Filter>Source Files</Filter>
    </ClCompile>
    <ClCompile Include="game1.cpp">
      <Filter>Source Files</Filter>
    </ClCompile>
    <ClCompile Include="gamedata.cpp">
      <Filter>Source Files</Filter>
    </ClCompile>
    <ClCompile Include="onx.cpp">
      <Filter>Source Files</Filter>
    </ClCompile>
    <ClCompile Include="specials.cpp">
      <Filter>Source Files</Filter>
    </ClCompile>
  </ItemGroup>
  <ItemGroup>
    <ClInclude Include="buttons.h">
      <Filter>Header Files</Filter>
    </ClInclude>
    <ClInclude Include="control.h">
      <Filter>Header Files</Filter>
    </ClInclude>
    <ClInclude Include="events.h">
      <Filter>Header Files</Filter>
    </ClInclude>
    <ClInclude Include="game1.h">
      <Filter>Header Files</Filter>
    </ClInclude>
    <ClInclude Include="gamedata.h">
      <Filter>Header Files</Filter>
    </ClInclude>
    <ClInclude Include="onx.h">
      <Filter>Header Files</Filter>
    </ClInclude>
    <ClInclude Include="specials.h">
      <Filter>Header Files</Filter>
    </ClInclude>
  </ItemGroup>
</Project>