<?xml version="1.0" encoding="utf-8"?>
<Project ToolsVersion="4.0" xmlns="http://schemas.microsoft.com/developer/msbuild/2003">
  <ItemGroup>
    <Filter Include="Source Files">
      <UniqueIdentifier>{d2fc6bfd-fc26-4fac-bf72-ca38fc1721b5}</UniqueIdentifier>
      <Extensions>cpp;c;cxx;rc;def;r;odl;idl;hpj;bat</Extensions>
    </Filter>
    <Filter Include="Header Files">
      <UniqueIdentifier>{755f0e1a-6625-4e70-bb46-d482316d7dc3}</UniqueIdentifier>
      <Extensions>h;hpp;hxx;hm;inl</Extensions>
    </Filter>
  </ItemGroup>
  <ItemGroup>
    <ClCompile Include="AviItem.cpp">
      <Filter>Source Files</Filter>
    </ClCompile>
    <ClCompile Include="BitBool.cpp">
      <Filter>Source Files</Filter>
    </ClCompile>
    <ClCompile Include="BitmapItem.cpp">
      <Filter>Source Files</Filter>
    </ClCompile>
    <ClCompile Include="bmputil.cpp">
      <Filter>Source Files</Filter>
    </ClCompile>
    <ClCompile Include="ButtonItem.cpp">
      <Filter>Source Files</Filter>
    </ClCompile>
    <ClCompile Include="CAVIPlayTest.cpp">
      <Filter>Source Files</Filter>
    </ClCompile>
    <ClCompile Include="CDPlayer.cpp">
      <Filter>Source Files</Filter>
    </ClCompile>
    <ClCompile Include="cmdlineitem.cpp">
      <Filter>Source Files</Filter>
    </ClCompile>
    <ClCompile Include="cpakfile.cpp">
      <Filter>Source Files</Filter>
    </ClCompile>
    <ClCompile Include="Ddutil.cpp">
      <Filter>Source Files</Filter>
    </ClCompile>
    <ClCompile Include="Dib.c">
      <Filter>Source Files</Filter>
    </ClCompile>
    <ClCompile Include="Dibapi.cpp">
      <Filter>Source Files</Filter>
    </ClCompile>
    <ClCompile Include="DIClass.cpp">
      <Filter>Source Files</Filter>
    </ClCompile>
    <ClCompile Include="dsplayer.cpp">
      <Filter>Source Files</Filter>
    </ClCompile>
    <ClCompile Include="Dsutil3d.c">
      <Filter>Source Files</Filter>
    </ClCompile>
    <ClCompile Include="engine.cpp">
      <Filter>Source Files</Filter>
    </ClCompile>
    <ClCompile Include="event.cpp">
      <Filter>Source Files</Filter>
    </ClCompile>
    <ClCompile Include="int2str.cpp">
      <Filter>Source Files</Filter>
    </ClCompile>
    <ClCompile Include="joystick.cpp">
      <Filter>Source Files</Filter>
    </ClCompile>
    <ClCompile Include="packfile.cpp">
      <Filter>Source Files</Filter>
    </ClCompile>
    <ClCompile Include="profiles.cpp">
      <Filter>Source Files</Filter>
    </ClCompile>
    <ClCompile Include="sprite.cpp">
      <Filter>Source Files</Filter>
    </ClCompile>
    <ClCompile Include="WndItem.cpp">
      <Filter>Source Files</Filter>
    </ClCompile>
  </ItemGroup>
  <ItemGroup>
    <ClInclude Include="AviItem.h">
      <Filter>Header Files</Filter>
    </ClInclude>
    <ClInclude Include="BitBool.h">
      <Filter>Header Files</Filter>
    </ClInclude>
    <ClInclude Include="BitmapItem.h">
      <Filter>Header Files</Filter>
    </ClInclude>
    <ClInclude Include="bmputil.h">
      <Filter>Header Files</Filter>
    </ClInclude>
    <ClInclude Include="ButtonItem.h">
      <Filter>Header Files</Filter>
    </ClInclude>
    <ClInclude Include="CDPlayer.h">
      <Filter>Header Files</Filter>
    </ClInclude>
    <ClInclude Include="cmdlineitem.h">
      <Filter>Header Files</Filter>
    </ClInclude>
    <ClInclude Include="cpakfile.h">
      <Filter>Header Files</Filter>
    </ClInclude>
    <ClInclude Include="Ddutil.h">
      <Filter>Header Files</Filter>
    </ClInclude>
    <ClInclude Include="Dib.h">
      <Filter>Header Files</Filter>
    </ClInclude>
    <ClInclude Include="Dibapi.h">
      <Filter>Header Files</Filter>
    </ClInclude>
    <ClInclude Include="DIClass.h">
      <Filter>Header Files</Filter>
    </ClInclude>
    <ClInclude Include="dsplayer.h">
      <Filter>Header Files</Filter>
    </ClInclude>
    <ClInclude Include="Dsutil3d.h">
      <Filter>Header Files</Filter>
    </ClInclude>
    <ClInclude Include="Engine.h">
      <Filter>Header Files</Filter>
    </ClInclude>
    <ClInclude Include="event.h">
      <Filter>Header Files</Filter>
    </ClInclude>
    <ClInclude Include="gaudio.h">
      <Filter>Header Files</Filter>
    </ClInclude>
    <ClInclude Include="include.h">
      <Filter>Header Files</Filter>
    </ClInclude>
    <ClInclude Include="int2str.h">
      <Filter>Header Files</Filter>
    </ClInclude>
    <ClInclude Include="joystick.h">
      <Filter>Header Files</Filter>
    </ClInclude>
    <ClInclude Include="packfile.h">
      <Filter>Header Files</Filter>
    </ClInclude>
    <ClInclude Include="profiles.h">
      <Filter>Header Files</Filter>
    </ClInclude>
    <ClInclude Include="Sprite.h">
      <Filter>Header Files</Filter>
    </ClInclude>
    <ClInclude Include="WndItem.h">
      <Filter>Header Files</Filter>
    </ClInclude>
  </ItemGroup>
</Project>